
Microsoft Visual Studio Solution File, Format Version 12.00
# Visual Studio 2013
VisualStudioVersion = 12.0.31101.0
MinimumVisualStudioVersion = 10.0.40219.1
Project("{2150E333-8FDC-42A3-9474-1A3956D46DE8}") = "Solution Items", "Solution Items", "{580DDAD1-D12A-4C0D-9CD8-8FE9F102BF36}"
EndProject
Project("{FAE04EC0-301F-11D3-BF4B-00C04F79EFBC}") = "EPiFindEnvironments", "EPiFindEnvironments\EPiFindEnvironments.csproj", "{C99B11FC-23A0-4224-B51A-B7870D2A9E77}"
EndProject
Project("{FAE04EC0-301F-11D3-BF4B-00C04F79EFBC}") = "EPiFindEnvironments.Tests", "EPiFindEnvironments.Tests\EPiFindEnvironments.Tests.csproj", "{E8E74766-1A37-477C-904D-FBA8C70A6036}"
EndProject
Global
	GlobalSection(SolutionConfigurationPlatforms) = preSolution
		Debug|Any CPU = Debug|Any CPU
		Release|Any CPU = Release|Any CPU
	EndGlobalSection
	GlobalSection(ProjectConfigurationPlatforms) = postSolution
		{C99B11FC-23A0-4224-B51A-B7870D2A9E77}.Debug|Any CPU.ActiveCfg = Debug|Any CPU
		{C99B11FC-23A0-4224-B51A-B7870D2A9E77}.Debug|Any CPU.Build.0 = Debug|Any CPU
		{C99B11FC-23A0-4224-B51A-B7870D2A9E77}.Release|Any CPU.ActiveCfg = Release|Any CPU
		{C99B11FC-23A0-4224-B51A-B7870D2A9E77}.Release|Any CPU.Build.0 = Release|Any CPU
		{E8E74766-1A37-477C-904D-FBA8C70A6036}.Debug|Any CPU.ActiveCfg = Debug|Any CPU
		{E8E74766-1A37-477C-904D-FBA8C70A6036}.Debug|Any CPU.Build.0 = Debug|Any CPU
		{E8E74766-1A37-477C-904D-FBA8C70A6036}.Release|Any CPU.ActiveCfg = Release|Any CPU
		{E8E74766-1A37-477C-904D-FBA8C70A6036}.Release|Any CPU.Build.0 = Release|Any CPU
	EndGlobalSection
	GlobalSection(SolutionProperties) = preSolution
		HideSolutionNode = FALSE
	EndGlobalSection
EndGlobal
